
Microsoft Visual Studio Solution File, Format Version 12.00
# Visual Studio 15
VisualStudioVersion = 15.0.28307.572
MinimumVisualStudioVersion = 10.0.40219.1
Project("{FAE04EC0-301F-11D3-BF4B-00C04F79EFBC}") = "TestServiceBus", "TestServiceBus\TestServiceBus.csproj", "{986C1BEF-A5FC-47C9-871A-DBC930CF9C0E}"
EndProject
Global
	GlobalSection(SolutionConfigurationPlatforms) = preSolution
		Debug|Any CPU = Debug|Any CPU
		Release|Any CPU = Release|Any CPU
	EndGlobalSection
	GlobalSection(ProjectConfigurationPlatforms) = postSolution
		{986C1BEF-A5FC-47C9-871A-DBC930CF9C0E}.Debug|Any CPU.ActiveCfg = Debug|Any CPU
		{986C1BEF-A5FC-47C9-871A-DBC930CF9C0E}.Debug|Any CPU.Build.0 = Debug|Any CPU
		{986C1BEF-A5FC-47C9-871A-DBC930CF9C0E}.Release|Any CPU.ActiveCfg = Release|Any CPU
		{986C1BEF-A5FC-47C9-871A-DBC930CF9C0E}.Release|Any CPU.Build.0 = Release|Any CPU
	EndGlobalSection
	GlobalSection(SolutionProperties) = preSolution
		HideSolutionNode = FALSE
	EndGlobalSection
	GlobalSection(ExtensibilityGlobals) = postSolution
		SolutionGuid = {86401D56-47FD-491D-9788-0C84681D199F}
	EndGlobalSection
EndGlobal
